// !$*UTF8*$!
{
	archiveVersion = 1;
	classes = {
	};
	objectVersion = 56;
	objects = {

/* Begin PBXBuildFile section */
		0BA33CA529A51EFF838088D5 /* Pods_AndonSystem.framework in Frameworks */ = {isa = PBXBuildFile; fileRef = 70F0F41065437448AE2D84D8 /* Pods_AndonSystem.framework */; };
		5641A78E2B8733A40075B68D /* ProfileScreenView.swift in Sources */ = {isa = PBXBuildFile; fileRef = 5641A78D2B8733A40075B68D /* ProfileScreenView.swift */; };
		5641A7902B8733B50075B68D /* ProfileScreenView.storyboard in Resources */ = {isa = PBXBuildFile; fileRef = 5641A78F2B8733B50075B68D /* ProfileScreenView.storyboard */; };
		5641A7922B8733C00075B68D /* ProfileScreenPresenter.swift in Sources */ = {isa = PBXBuildFile; fileRef = 5641A7912B8733C00075B68D /* ProfileScreenPresenter.swift */; };
		5641A7942B8733C70075B68D /* ProfileScreenInteractor.swift in Sources */ = {isa = PBXBuildFile; fileRef = 5641A7932B8733C70075B68D /* ProfileScreenInteractor.swift */; };
		5641A7962B8733CF0075B68D /* ProfileScreenEntity.swift in Sources */ = {isa = PBXBuildFile; fileRef = 5641A7952B8733CF0075B68D /* ProfileScreenEntity.swift */; };
		5641A7982B8733D50075B68D /* ProfileScreenRouter.swift in Sources */ = {isa = PBXBuildFile; fileRef = 5641A7972B8733D50075B68D /* ProfileScreenRouter.swift */; };
		5641A79A2B87349E0075B68D /* ChatScreenView.swift in Sources */ = {isa = PBXBuildFile; fileRef = 5641A7992B87349E0075B68D /* ChatScreenView.swift */; };
		5641A79C2B8734AD0075B68D /* ChatScreenView.storyboard in Resources */ = {isa = PBXBuildFile; fileRef = 5641A79B2B8734AD0075B68D /* ChatScreenView.storyboard */; };
		5641A79E2B8734C30075B68D /* ChatScreenPresenter.swift in Sources */ = {isa = PBXBuildFile; fileRef = 5641A79D2B8734C30075B68D /* ChatScreenPresenter.swift */; };
		5641A7A02B8734D30075B68D /* ChatScreenInteractor.swift in Sources */ = {isa = PBXBuildFile; fileRef = 5641A79F2B8734D30075B68D /* ChatScreenInteractor.swift */; };
		5641A7A22B8734F40075B68D /* ChatScreenEntity.swift in Sources */ = {isa = PBXBuildFile; fileRef = 5641A7A12B8734F40075B68D /* ChatScreenEntity.swift */; };
		5641A7A42B8734FA0075B68D /* ChatScreenRouter.swift in Sources */ = {isa = PBXBuildFile; fileRef = 5641A7A32B8734FA0075B68D /* ChatScreenRouter.swift */; };
		5641A7A62B8735760075B68D /* TicketHistoryView.swift in Sources */ = {isa = PBXBuildFile; fileRef = 5641A7A52B8735760075B68D /* TicketHistoryView.swift */; };
		5641A7A82B8735830075B68D /* TicketHistoryView.storyboard in Resources */ = {isa = PBXBuildFile; fileRef = 5641A7A72B8735830075B68D /* TicketHistoryView.storyboard */; };
		5641A7AA2B8735A40075B68D /* TicketHistoryPresenter.swift in Sources */ = {isa = PBXBuildFile; fileRef = 5641A7A92B8735A40075B68D /* TicketHistoryPresenter.swift */; };
		5641A7AC2B8735B30075B68D /* TicketHistoryInteractor.swift in Sources */ = {isa = PBXBuildFile; fileRef = 5641A7AB2B8735B30075B68D /* TicketHistoryInteractor.swift */; };
		5641A7AE2B8735D70075B68D /* TicketHistoryEntity.swift in Sources */ = {isa = PBXBuildFile; fileRef = 5641A7AD2B8735D70075B68D /* TicketHistoryEntity.swift */; };
		5641A7B02B8735E80075B68D /* TicketHistoryRouter.swift in Sources */ = {isa = PBXBuildFile; fileRef = 5641A7AF2B8735E80075B68D /* TicketHistoryRouter.swift */; };
		565A0FB02B874770006701B3 /* BaseViewController.swift in Sources */ = {isa = PBXBuildFile; fileRef = 565A0FAF2B874770006701B3 /* BaseViewController.swift */; };
		565A0FB22B874878006701B3 /* BaseInteractor.swift in Sources */ = {isa = PBXBuildFile; fileRef = 565A0FB12B874878006701B3 /* BaseInteractor.swift */; };
		565A0FB42B87487F006701B3 /* BasePresenter.swift in Sources */ = {isa = PBXBuildFile; fileRef = 565A0FB32B87487F006701B3 /* BasePresenter.swift */; };
		565A0FB62B874887006701B3 /* BaseRouter.swift in Sources */ = {isa = PBXBuildFile; fileRef = 565A0FB52B874887006701B3 /* BaseRouter.swift */; };
		565A0FF22B87A579006701B3 /* LoginView.swift in Sources */ = {isa = PBXBuildFile; fileRef = 565A0FF12B87A579006701B3 /* LoginView.swift */; };
		565A0FF42B87A58A006701B3 /* LoginView.storyboard in Resources */ = {isa = PBXBuildFile; fileRef = 565A0FF32B87A58A006701B3 /* LoginView.storyboard */; };
		565A0FF62B87A5A5006701B3 /* LoginPresenter.swift in Sources */ = {isa = PBXBuildFile; fileRef = 565A0FF52B87A5A5006701B3 /* LoginPresenter.swift */; };
		565A0FF82B87A5AE006701B3 /* LoginInteractor.swift in Sources */ = {isa = PBXBuildFile; fileRef = 565A0FF72B87A5AE006701B3 /* LoginInteractor.swift */; };
		565A0FFA2B87A5E1006701B3 /* LoginEntity.swift in Sources */ = {isa = PBXBuildFile; fileRef = 565A0FF92B87A5E1006701B3 /* LoginEntity.swift */; };
		565A0FFC2B87A5E8006701B3 /* LoginRouter.swift in Sources */ = {isa = PBXBuildFile; fileRef = 565A0FFB2B87A5E8006701B3 /* LoginRouter.swift */; };
		565A0FFF2B87C440006701B3 /* RegisterView.swift in Sources */ = {isa = PBXBuildFile; fileRef = 565A0FFE2B87C440006701B3 /* RegisterView.swift */; };
		565A10012B87C450006701B3 /* RegisterView.storyboard in Resources */ = {isa = PBXBuildFile; fileRef = 565A10002B87C450006701B3 /* RegisterView.storyboard */; };
		565A10032B87C459006701B3 /* RegisterPresenter.swift in Sources */ = {isa = PBXBuildFile; fileRef = 565A10022B87C459006701B3 /* RegisterPresenter.swift */; };
		565A10052B87C466006701B3 /* RegisterInteractor.swift in Sources */ = {isa = PBXBuildFile; fileRef = 565A10042B87C466006701B3 /* RegisterInteractor.swift */; };
		565A10072B87C46D006701B3 /* RegisterEntity.swift in Sources */ = {isa = PBXBuildFile; fileRef = 565A10062B87C46D006701B3 /* RegisterEntity.swift */; };
		565A10092B87C476006701B3 /* RegisterRouter.swift in Sources */ = {isa = PBXBuildFile; fileRef = 565A10082B87C476006701B3 /* RegisterRouter.swift */; };
		56EB25DC2B87260600028D8F /* AppDelegate.swift in Sources */ = {isa = PBXBuildFile; fileRef = 56EB25DB2B87260600028D8F /* AppDelegate.swift */; };
		56EB25DE2B87260600028D8F /* SceneDelegate.swift in Sources */ = {isa = PBXBuildFile; fileRef = 56EB25DD2B87260600028D8F /* SceneDelegate.swift */; };
		56EB25E02B87260600028D8F /* HomeScreenView.swift in Sources */ = {isa = PBXBuildFile; fileRef = 56EB25DF2B87260600028D8F /* HomeScreenView.swift */; };
		56EB25E32B87260600028D8F /* HomeScreenView.storyboard in Resources */ = {isa = PBXBuildFile; fileRef = 56EB25E12B87260600028D8F /* HomeScreenView.storyboard */; };
		56EB25E52B87260800028D8F /* Assets.xcassets in Resources */ = {isa = PBXBuildFile; fileRef = 56EB25E42B87260800028D8F /* Assets.xcassets */; };
		56EB25E82B87260800028D8F /* LaunchScreen.storyboard in Resources */ = {isa = PBXBuildFile; fileRef = 56EB25E62B87260800028D8F /* LaunchScreen.storyboard */; };
		56EB25F82B87281E00028D8F /* MainTabbarView.swift in Sources */ = {isa = PBXBuildFile; fileRef = 56EB25F72B87281E00028D8F /* MainTabbarView.swift */; };
		56EB25FA2B87286200028D8F /* MainTabbarView.storyboard in Resources */ = {isa = PBXBuildFile; fileRef = 56EB25F92B87286200028D8F /* MainTabbarView.storyboard */; };
		56EB25FC2B87288000028D8F /* MainTabbarPresenter.swift in Sources */ = {isa = PBXBuildFile; fileRef = 56EB25FB2B87288000028D8F /* MainTabbarPresenter.swift */; };
		56EB25FE2B87288700028D8F /* MainTabbarInteractor.swift in Sources */ = {isa = PBXBuildFile; fileRef = 56EB25FD2B87288700028D8F /* MainTabbarInteractor.swift */; };
		56EB26002B87289400028D8F /* MainTabbarEntity.swift in Sources */ = {isa = PBXBuildFile; fileRef = 56EB25FF2B87289400028D8F /* MainTabbarEntity.swift */; };
		56EB26022B87289C00028D8F /* MainTabbarRouter.swift in Sources */ = {isa = PBXBuildFile; fileRef = 56EB26012B87289C00028D8F /* MainTabbarRouter.swift */; };
		56EB26042B872AD700028D8F /* HomeScreenPresenter.swift in Sources */ = {isa = PBXBuildFile; fileRef = 56EB26032B872AD700028D8F /* HomeScreenPresenter.swift */; };
		56EB26062B872B0400028D8F /* HomeScreenInteractor.swift in Sources */ = {isa = PBXBuildFile; fileRef = 56EB26052B872B0400028D8F /* HomeScreenInteractor.swift */; };
		56EB26082B872B2800028D8F /* HomeScreenEntity.swift in Sources */ = {isa = PBXBuildFile; fileRef = 56EB26072B872B2800028D8F /* HomeScreenEntity.swift */; };
		56EB260A2B872B2E00028D8F /* HomeScreenRouter.swift in Sources */ = {isa = PBXBuildFile; fileRef = 56EB26092B872B2E00028D8F /* HomeScreenRouter.swift */; };
/* End PBXBuildFile section */

/* Begin PBXFileReference section */
		46A5BB4F7CCD24E2BAF273D1 /* Pods-AndonSystem.debug.xcconfig */ = {isa = PBXFileReference; includeInIndex = 1; lastKnownFileType = text.xcconfig; name = "Pods-AndonSystem.debug.xcconfig"; path = "Target Support Files/Pods-AndonSystem/Pods-AndonSystem.debug.xcconfig"; sourceTree = "<group>"; };
		5641A78D2B8733A40075B68D /* ProfileScreenView.swift */ = {isa = PBXFileReference; lastKnownFileType = sourcecode.swift; path = ProfileScreenView.swift; sourceTree = "<group>"; };
		5641A78F2B8733B50075B68D /* ProfileScreenView.storyboard */ = {isa = PBXFileReference; lastKnownFileType = file.storyboard; path = ProfileScreenView.storyboard; sourceTree = "<group>"; };
		5641A7912B8733C00075B68D /* ProfileScreenPresenter.swift */ = {isa = PBXFileReference; lastKnownFileType = sourcecode.swift; path = ProfileScreenPresenter.swift; sourceTree = "<group>"; };
		5641A7932B8733C70075B68D /* ProfileScreenInteractor.swift */ = {isa = PBXFileReference; lastKnownFileType = sourcecode.swift; path = ProfileScreenInteractor.swift; sourceTree = "<group>"; };
		5641A7952B8733CF0075B68D /* ProfileScreenEntity.swift */ = {isa = PBXFileReference; lastKnownFileType = sourcecode.swift; path = ProfileScreenEntity.swift; sourceTree = "<group>"; };
		5641A7972B8733D50075B68D /* ProfileScreenRouter.swift */ = {isa = PBXFileReference; lastKnownFileType = sourcecode.swift; path = ProfileScreenRouter.swift; sourceTree = "<group>"; };
		5641A7992B87349E0075B68D /* ChatScreenView.swift */ = {isa = PBXFileReference; lastKnownFileType = sourcecode.swift; path = ChatScreenView.swift; sourceTree = "<group>"; };
		5641A79B2B8734AD0075B68D /* ChatScreenView.storyboard */ = {isa = PBXFileReference; lastKnownFileType = file.storyboard; path = ChatScreenView.storyboard; sourceTree = "<group>"; };
		5641A79D2B8734C30075B68D /* ChatScreenPresenter.swift */ = {isa = PBXFileReference; lastKnownFileType = sourcecode.swift; path = ChatScreenPresenter.swift; sourceTree = "<group>"; };
		5641A79F2B8734D30075B68D /* ChatScreenInteractor.swift */ = {isa = PBXFileReference; lastKnownFileType = sourcecode.swift; path = ChatScreenInteractor.swift; sourceTree = "<group>"; };
		5641A7A12B8734F40075B68D /* ChatScreenEntity.swift */ = {isa = PBXFileReference; lastKnownFileType = sourcecode.swift; path = ChatScreenEntity.swift; sourceTree = "<group>"; };
		5641A7A32B8734FA0075B68D /* ChatScreenRouter.swift */ = {isa = PBXFileReference; lastKnownFileType = sourcecode.swift; path = ChatScreenRouter.swift; sourceTree = "<group>"; };
		5641A7A52B8735760075B68D /* TicketHistoryView.swift */ = {isa = PBXFileReference; lastKnownFileType = sourcecode.swift; path = TicketHistoryView.swift; sourceTree = "<group>"; };
		5641A7A72B8735830075B68D /* TicketHistoryView.storyboard */ = {isa = PBXFileReference; lastKnownFileType = file.storyboard; path = TicketHistoryView.storyboard; sourceTree = "<group>"; };
		5641A7A92B8735A40075B68D /* TicketHistoryPresenter.swift */ = {isa = PBXFileReference; lastKnownFileType = sourcecode.swift; path = TicketHistoryPresenter.swift; sourceTree = "<group>"; };
		5641A7AB2B8735B30075B68D /* TicketHistoryInteractor.swift */ = {isa = PBXFileReference; lastKnownFileType = sourcecode.swift; path = TicketHistoryInteractor.swift; sourceTree = "<group>"; };
		5641A7AD2B8735D70075B68D /* TicketHistoryEntity.swift */ = {isa = PBXFileReference; lastKnownFileType = sourcecode.swift; path = TicketHistoryEntity.swift; sourceTree = "<group>"; };
		5641A7AF2B8735E80075B68D /* TicketHistoryRouter.swift */ = {isa = PBXFileReference; lastKnownFileType = sourcecode.swift; path = TicketHistoryRouter.swift; sourceTree = "<group>"; };
		565A0FAF2B874770006701B3 /* BaseViewController.swift */ = {isa = PBXFileReference; lastKnownFileType = sourcecode.swift; path = BaseViewController.swift; sourceTree = "<group>"; };
		565A0FB12B874878006701B3 /* BaseInteractor.swift */ = {isa = PBXFileReference; lastKnownFileType = sourcecode.swift; path = BaseInteractor.swift; sourceTree = "<group>"; };
		565A0FB32B87487F006701B3 /* BasePresenter.swift */ = {isa = PBXFileReference; lastKnownFileType = sourcecode.swift; path = BasePresenter.swift; sourceTree = "<group>"; };
		565A0FB52B874887006701B3 /* BaseRouter.swift */ = {isa = PBXFileReference; lastKnownFileType = sourcecode.swift; path = BaseRouter.swift; sourceTree = "<group>"; };
		565A0FF12B87A579006701B3 /* LoginView.swift */ = {isa = PBXFileReference; lastKnownFileType = sourcecode.swift; path = LoginView.swift; sourceTree = "<group>"; };
		565A0FF32B87A58A006701B3 /* LoginView.storyboard */ = {isa = PBXFileReference; lastKnownFileType = file.storyboard; path = LoginView.storyboard; sourceTree = "<group>"; };
		565A0FF52B87A5A5006701B3 /* LoginPresenter.swift */ = {isa = PBXFileReference; lastKnownFileType = sourcecode.swift; path = LoginPresenter.swift; sourceTree = "<group>"; };
		565A0FF72B87A5AE006701B3 /* LoginInteractor.swift */ = {isa = PBXFileReference; lastKnownFileType = sourcecode.swift; path = LoginInteractor.swift; sourceTree = "<group>"; };
		565A0FF92B87A5E1006701B3 /* LoginEntity.swift */ = {isa = PBXFileReference; lastKnownFileType = sourcecode.swift; path = LoginEntity.swift; sourceTree = "<group>"; };
		565A0FFB2B87A5E8006701B3 /* LoginRouter.swift */ = {isa = PBXFileReference; lastKnownFileType = sourcecode.swift; path = LoginRouter.swift; sourceTree = "<group>"; };
		565A0FFE2B87C440006701B3 /* RegisterView.swift */ = {isa = PBXFileReference; lastKnownFileType = sourcecode.swift; path = RegisterView.swift; sourceTree = "<group>"; };
		565A10002B87C450006701B3 /* RegisterView.storyboard */ = {isa = PBXFileReference; lastKnownFileType = file.storyboard; path = RegisterView.storyboard; sourceTree = "<group>"; };
		565A10022B87C459006701B3 /* RegisterPresenter.swift */ = {isa = PBXFileReference; lastKnownFileType = sourcecode.swift; path = RegisterPresenter.swift; sourceTree = "<group>"; };
		565A10042B87C466006701B3 /* RegisterInteractor.swift */ = {isa = PBXFileReference; lastKnownFileType = sourcecode.swift; path = RegisterInteractor.swift; sourceTree = "<group>"; };
		565A10062B87C46D006701B3 /* RegisterEntity.swift */ = {isa = PBXFileReference; lastKnownFileType = sourcecode.swift; path = RegisterEntity.swift; sourceTree = "<group>"; };
		565A10082B87C476006701B3 /* RegisterRouter.swift */ = {isa = PBXFileReference; lastKnownFileType = sourcecode.swift; path = RegisterRouter.swift; sourceTree = "<group>"; };
		56EB25D82B87260600028D8F /* AndonSystem.app */ = {isa = PBXFileReference; explicitFileType = wrapper.application; includeInIndex = 0; path = AndonSystem.app; sourceTree = BUILT_PRODUCTS_DIR; };
		56EB25DB2B87260600028D8F /* AppDelegate.swift */ = {isa = PBXFileReference; lastKnownFileType = sourcecode.swift; path = AppDelegate.swift; sourceTree = "<group>"; };
		56EB25DD2B87260600028D8F /* SceneDelegate.swift */ = {isa = PBXFileReference; lastKnownFileType = sourcecode.swift; path = SceneDelegate.swift; sourceTree = "<group>"; };
		56EB25DF2B87260600028D8F /* HomeScreenView.swift */ = {isa = PBXFileReference; lastKnownFileType = sourcecode.swift; path = HomeScreenView.swift; sourceTree = "<group>"; };
		56EB25E22B87260600028D8F /* Base */ = {isa = PBXFileReference; lastKnownFileType = file.storyboard; name = Base; path = Base.lproj/HomeScreenView.storyboard; sourceTree = "<group>"; };
		56EB25E42B87260800028D8F /* Assets.xcassets */ = {isa = PBXFileReference; lastKnownFileType = folder.assetcatalog; path = Assets.xcassets; sourceTree = "<group>"; };
		56EB25E72B87260800028D8F /* Base */ = {isa = PBXFileReference; lastKnownFileType = file.storyboard; name = Base; path = Base.lproj/LaunchScreen.storyboard; sourceTree = "<group>"; };
		56EB25E92B87260800028D8F /* Info.plist */ = {isa = PBXFileReference; lastKnownFileType = text.plist.xml; path = Info.plist; sourceTree = "<group>"; };
		56EB25F72B87281E00028D8F /* MainTabbarView.swift */ = {isa = PBXFileReference; lastKnownFileType = sourcecode.swift; path = MainTabbarView.swift; sourceTree = "<group>"; };
		56EB25F92B87286200028D8F /* MainTabbarView.storyboard */ = {isa = PBXFileReference; lastKnownFileType = file.storyboard; path = MainTabbarView.storyboard; sourceTree = "<group>"; };
		56EB25FB2B87288000028D8F /* MainTabbarPresenter.swift */ = {isa = PBXFileReference; lastKnownFileType = sourcecode.swift; path = MainTabbarPresenter.swift; sourceTree = "<group>"; };
		56EB25FD2B87288700028D8F /* MainTabbarInteractor.swift */ = {isa = PBXFileReference; lastKnownFileType = sourcecode.swift; path = MainTabbarInteractor.swift; sourceTree = "<group>"; };
		56EB25FF2B87289400028D8F /* MainTabbarEntity.swift */ = {isa = PBXFileReference; lastKnownFileType = sourcecode.swift; path = MainTabbarEntity.swift; sourceTree = "<group>"; };
		56EB26012B87289C00028D8F /* MainTabbarRouter.swift */ = {isa = PBXFileReference; lastKnownFileType = sourcecode.swift; path = MainTabbarRouter.swift; sourceTree = "<group>"; };
		56EB26032B872AD700028D8F /* HomeScreenPresenter.swift */ = {isa = PBXFileReference; lastKnownFileType = sourcecode.swift; path = HomeScreenPresenter.swift; sourceTree = "<group>"; };
		56EB26052B872B0400028D8F /* HomeScreenInteractor.swift */ = {isa = PBXFileReference; lastKnownFileType = sourcecode.swift; path = HomeScreenInteractor.swift; sourceTree = "<group>"; };
		56EB26072B872B2800028D8F /* HomeScreenEntity.swift */ = {isa = PBXFileReference; lastKnownFileType = sourcecode.swift; path = HomeScreenEntity.swift; sourceTree = "<group>"; };
		56EB26092B872B2E00028D8F /* HomeScreenRouter.swift */ = {isa = PBXFileReference; lastKnownFileType = sourcecode.swift; path = HomeScreenRouter.swift; sourceTree = "<group>"; };
		70F0F41065437448AE2D84D8 /* Pods_AndonSystem.framework */ = {isa = PBXFileReference; explicitFileType = wrapper.framework; includeInIndex = 0; path = Pods_AndonSystem.framework; sourceTree = BUILT_PRODUCTS_DIR; };
		9EC36E14272984E0B4675380 /* Pods-AndonSystem.release.xcconfig */ = {isa = PBXFileReference; includeInIndex = 1; lastKnownFileType = text.xcconfig; name = "Pods-AndonSystem.release.xcconfig"; path = "Target Support Files/Pods-AndonSystem/Pods-AndonSystem.release.xcconfig"; sourceTree = "<group>"; };
/* End PBXFileReference section */

/* Begin PBXFrameworksBuildPhase section */
		56EB25D52B87260600028D8F /* Frameworks */ = {
			isa = PBXFrameworksBuildPhase;
			buildActionMask = 2147483647;
			files = (
				0BA33CA529A51EFF838088D5 /* Pods_AndonSystem.framework in Frameworks */,
			);
			runOnlyForDeploymentPostprocessing = 0;
		};
/* End PBXFrameworksBuildPhase section */

/* Begin PBXGroup section */
		27B724EFD72B390C9BFF301D /* Frameworks */ = {
			isa = PBXGroup;
			children = (
				70F0F41065437448AE2D84D8 /* Pods_AndonSystem.framework */,
			);
			name = Frameworks;
			sourceTree = "<group>";
		};
		5641A7882B8733060075B68D /* TicketHistoryScreen */ = {
			isa = PBXGroup;
			children = (
				5641A7A52B8735760075B68D /* TicketHistoryView.swift */,
				5641A7A72B8735830075B68D /* TicketHistoryView.storyboard */,
				5641A7A92B8735A40075B68D /* TicketHistoryPresenter.swift */,
				5641A7AB2B8735B30075B68D /* TicketHistoryInteractor.swift */,
				5641A7AD2B8735D70075B68D /* TicketHistoryEntity.swift */,
				5641A7AF2B8735E80075B68D /* TicketHistoryRouter.swift */,
			);
			path = TicketHistoryScreen;
			sourceTree = "<group>";
		};
		5641A7892B8733190075B68D /* ChatScreen */ = {
			isa = PBXGroup;
			children = (
				5641A7992B87349E0075B68D /* ChatScreenView.swift */,
				5641A79B2B8734AD0075B68D /* ChatScreenView.storyboard */,
				5641A79D2B8734C30075B68D /* ChatScreenPresenter.swift */,
				5641A79F2B8734D30075B68D /* ChatScreenInteractor.swift */,
				5641A7A12B8734F40075B68D /* ChatScreenEntity.swift */,
				5641A7A32B8734FA0075B68D /* ChatScreenRouter.swift */,
			);
			path = ChatScreen;
			sourceTree = "<group>";
		};
		5641A78A2B8733240075B68D /* ProfileScreen */ = {
			isa = PBXGroup;
			children = (
				5641A78D2B8733A40075B68D /* ProfileScreenView.swift */,
				5641A78F2B8733B50075B68D /* ProfileScreenView.storyboard */,
				5641A7912B8733C00075B68D /* ProfileScreenPresenter.swift */,
				5641A7932B8733C70075B68D /* ProfileScreenInteractor.swift */,
				5641A7952B8733CF0075B68D /* ProfileScreenEntity.swift */,
				5641A7972B8733D50075B68D /* ProfileScreenRouter.swift */,
			);
			path = ProfileScreen;
			sourceTree = "<group>";
		};
		565A0FAE2B874758006701B3 /* BaseModules */ = {
			isa = PBXGroup;
			children = (
				565A0FB12B874878006701B3 /* BaseInteractor.swift */,
				565A0FB32B87487F006701B3 /* BasePresenter.swift */,
				565A0FB52B874887006701B3 /* BaseRouter.swift */,
				565A0FAF2B874770006701B3 /* BaseViewController.swift */,
			);
			path = BaseModules;
			sourceTree = "<group>";
		};
		565A0FF02B87A562006701B3 /* Login */ = {
			isa = PBXGroup;
			children = (
				565A0FF12B87A579006701B3 /* LoginView.swift */,
				565A0FF32B87A58A006701B3 /* LoginView.storyboard */,
				565A0FF52B87A5A5006701B3 /* LoginPresenter.swift */,
				565A0FF72B87A5AE006701B3 /* LoginInteractor.swift */,
				565A0FF92B87A5E1006701B3 /* LoginEntity.swift */,
				565A0FFB2B87A5E8006701B3 /* LoginRouter.swift */,
			);
			path = Login;
			sourceTree = "<group>";
		};
		565A0FFD2B87C421006701B3 /* Register */ = {
			isa = PBXGroup;
			children = (
				565A0FFE2B87C440006701B3 /* RegisterView.swift */,
				565A10002B87C450006701B3 /* RegisterView.storyboard */,
				565A10022B87C459006701B3 /* RegisterPresenter.swift */,
				565A10042B87C466006701B3 /* RegisterInteractor.swift */,
				565A10062B87C46D006701B3 /* RegisterEntity.swift */,
				565A10082B87C476006701B3 /* RegisterRouter.swift */,
			);
			path = Register;
			sourceTree = "<group>";
		};
		56EB25CF2B87260600028D8F = {
			isa = PBXGroup;
			children = (
				56EB25DA2B87260600028D8F /* AndonSystem */,
				56EB25D92B87260600028D8F /* Products */,
				E96C43A20175632A67C4CB8A /* Pods */,
				27B724EFD72B390C9BFF301D /* Frameworks */,
			);
			sourceTree = "<group>";
		};
		56EB25D92B87260600028D8F /* Products */ = {
			isa = PBXGroup;
			children = (
				56EB25D82B87260600028D8F /* AndonSystem.app */,
			);
			name = Products;
			sourceTree = "<group>";
		};
		56EB25DA2B87260600028D8F /* AndonSystem */ = {
			isa = PBXGroup;
			children = (
				56EB25EF2B87266C00028D8F /* App */,
				56EB25F42B8726B900028D8F /* Common */,
				56EB25F32B8726AF00028D8F /* Extensions */,
				56EB25F22B8726A800028D8F /* Modules */,
				56EB25F12B87269F00028D8F /* Networking */,
				56EB25F02B87269600028D8F /* Resources */,
				56EB25E92B87260800028D8F /* Info.plist */,
			);
			path = AndonSystem;
			sourceTree = "<group>";
		};
		56EB25EF2B87266C00028D8F /* App */ = {
			isa = PBXGroup;
			children = (
				56EB25DB2B87260600028D8F /* AppDelegate.swift */,
				56EB25DD2B87260600028D8F /* SceneDelegate.swift */,
			);
			path = App;
			sourceTree = "<group>";
		};
		56EB25F02B87269600028D8F /* Resources */ = {
			isa = PBXGroup;
			children = (
				56EB25E42B87260800028D8F /* Assets.xcassets */,
				56EB25E62B87260800028D8F /* LaunchScreen.storyboard */,
			);
			path = Resources;
			sourceTree = "<group>";
		};
		56EB25F12B87269F00028D8F /* Networking */ = {
			isa = PBXGroup;
			children = (
			);
			path = Networking;
			sourceTree = "<group>";
		};
		56EB25F22B8726A800028D8F /* Modules */ = {
			isa = PBXGroup;
			children = (
				565A0FFD2B87C421006701B3 /* Register */,
				565A0FF02B87A562006701B3 /* Login */,
				5641A78A2B8733240075B68D /* ProfileScreen */,
				5641A7892B8733190075B68D /* ChatScreen */,
				5641A7882B8733060075B68D /* TicketHistoryScreen */,
				56EB25F62B8726E700028D8F /* HomeScreen */,
				56EB25F52B8726DE00028D8F /* MainTabbar */,
			);
			path = Modules;
			sourceTree = "<group>";
		};
		56EB25F32B8726AF00028D8F /* Extensions */ = {
			isa = PBXGroup;
			children = (
			);
			path = Extensions;
			sourceTree = "<group>";
		};
		56EB25F42B8726B900028D8F /* Common */ = {
			isa = PBXGroup;
			children = (
				565A0FAE2B874758006701B3 /* BaseModules */,
			);
			path = Common;
			sourceTree = "<group>";
		};
		56EB25F52B8726DE00028D8F /* MainTabbar */ = {
			isa = PBXGroup;
			children = (
				56EB25F72B87281E00028D8F /* MainTabbarView.swift */,
				56EB25F92B87286200028D8F /* MainTabbarView.storyboard */,
				56EB25FB2B87288000028D8F /* MainTabbarPresenter.swift */,
				56EB25FD2B87288700028D8F /* MainTabbarInteractor.swift */,
				56EB25FF2B87289400028D8F /* MainTabbarEntity.swift */,
				56EB26012B87289C00028D8F /* MainTabbarRouter.swift */,
			);
			path = MainTabbar;
			sourceTree = "<group>";
		};
		56EB25F62B8726E700028D8F /* HomeScreen */ = {
			isa = PBXGroup;
			children = (
				56EB25DF2B87260600028D8F /* HomeScreenView.swift */,
				56EB25E12B87260600028D8F /* HomeScreenView.storyboard */,
				56EB26032B872AD700028D8F /* HomeScreenPresenter.swift */,
				56EB26052B872B0400028D8F /* HomeScreenInteractor.swift */,
				56EB26072B872B2800028D8F /* HomeScreenEntity.swift */,
				56EB26092B872B2E00028D8F /* HomeScreenRouter.swift */,
			);
			path = HomeScreen;
			sourceTree = "<group>";
		};
		E96C43A20175632A67C4CB8A /* Pods */ = {
			isa = PBXGroup;
			children = (
				46A5BB4F7CCD24E2BAF273D1 /* Pods-AndonSystem.debug.xcconfig */,
				9EC36E14272984E0B4675380 /* Pods-AndonSystem.release.xcconfig */,
			);
			path = Pods;
			sourceTree = "<group>";
		};
/* End PBXGroup section */

/* Begin PBXNativeTarget section */
		56EB25D72B87260600028D8F /* AndonSystem */ = {
			isa = PBXNativeTarget;
			buildConfigurationList = 56EB25EC2B87260800028D8F /* Build configuration list for PBXNativeTarget "AndonSystem" */;
			buildPhases = (
				46F3A1B13A25E063F309708B /* [CP] Check Pods Manifest.lock */,
				56EB25D42B87260600028D8F /* Sources */,
				56EB25D52B87260600028D8F /* Frameworks */,
				56EB25D62B87260600028D8F /* Resources */,
				0CE7A6B513319B8DF75B655F /* [CP] Embed Pods Frameworks */,
			);
			buildRules = (
			);
			dependencies = (
			);
			name = AndonSystem;
			packageProductDependencies = (
			);
			productName = AndonSystem;
			productReference = 56EB25D82B87260600028D8F /* AndonSystem.app */;
			productType = "com.apple.product-type.application";
		};
/* End PBXNativeTarget section */

/* Begin PBXProject section */
		56EB25D02B87260600028D8F /* Project object */ = {
			isa = PBXProject;
			attributes = {
				BuildIndependentTargetsInParallel = 1;
				LastSwiftUpdateCheck = 1520;
				LastUpgradeCheck = 1520;
				TargetAttributes = {
					56EB25D72B87260600028D8F = {
						CreatedOnToolsVersion = 15.2;
					};
				};
			};
			buildConfigurationList = 56EB25D32B87260600028D8F /* Build configuration list for PBXProject "AndonSystem" */;
			compatibilityVersion = "Xcode 14.0";
			developmentRegion = en;
			hasScannedForEncodings = 0;
			knownRegions = (
				en,
				Base,
			);
			mainGroup = 56EB25CF2B87260600028D8F;
			packageReferences = (
			);
			productRefGroup = 56EB25D92B87260600028D8F /* Products */;
			projectDirPath = "";
			projectRoot = "";
			targets = (
				56EB25D72B87260600028D8F /* AndonSystem */,
			);
		};
/* End PBXProject section */

/* Begin PBXResourcesBuildPhase section */
		56EB25D62B87260600028D8F /* Resources */ = {
			isa = PBXResourcesBuildPhase;
			buildActionMask = 2147483647;
			files = (
				5641A7902B8733B50075B68D /* ProfileScreenView.storyboard in Resources */,
				565A10012B87C450006701B3 /* RegisterView.storyboard in Resources */,
				56EB25FA2B87286200028D8F /* MainTabbarView.storyboard in Resources */,
				56EB25E82B87260800028D8F /* LaunchScreen.storyboard in Resources */,
				5641A79C2B8734AD0075B68D /* ChatScreenView.storyboard in Resources */,
				565A0FF42B87A58A006701B3 /* LoginView.storyboard in Resources */,
				56EB25E52B87260800028D8F /* Assets.xcassets in Resources */,
				56EB25E32B87260600028D8F /* HomeScreenView.storyboard in Resources */,
				5641A7A82B8735830075B68D /* TicketHistoryView.storyboard in Resources */,
			);
			runOnlyForDeploymentPostprocessing = 0;
		};
/* End PBXResourcesBuildPhase section */

/* Begin PBXShellScriptBuildPhase section */
		0CE7A6B513319B8DF75B655F /* [CP] Embed Pods Frameworks */ = {
			isa = PBXShellScriptBuildPhase;
			buildActionMask = 2147483647;
			files = (
			);
			inputFileListPaths = (
				"${PODS_ROOT}/Target Support Files/Pods-AndonSystem/Pods-AndonSystem-frameworks-${CONFIGURATION}-input-files.xcfilelist",
			);
			name = "[CP] Embed Pods Frameworks";
			outputFileListPaths = (
				"${PODS_ROOT}/Target Support Files/Pods-AndonSystem/Pods-AndonSystem-frameworks-${CONFIGURATION}-output-files.xcfilelist",
			);
			runOnlyForDeploymentPostprocessing = 0;
			shellPath = /bin/sh;
			shellScript = "\"${PODS_ROOT}/Target Support Files/Pods-AndonSystem/Pods-AndonSystem-frameworks.sh\"\n";
			showEnvVarsInLog = 0;
		};
		46F3A1B13A25E063F309708B /* [CP] Check Pods Manifest.lock */ = {
			isa = PBXShellScriptBuildPhase;
			buildActionMask = 2147483647;
			files = (
			);
			inputFileListPaths = (
			);
			inputPaths = (
				"${PODS_PODFILE_DIR_PATH}/Podfile.lock",
				"${PODS_ROOT}/Manifest.lock",
			);
			name = "[CP] Check Pods Manifest.lock";
			outputFileListPaths = (
			);
			outputPaths = (
				"$(DERIVED_FILE_DIR)/Pods-AndonSystem-checkManifestLockResult.txt",
			);
			runOnlyForDeploymentPostprocessing = 0;
			shellPath = /bin/sh;
			shellScript = "diff \"${PODS_PODFILE_DIR_PATH}/Podfile.lock\" \"${PODS_ROOT}/Manifest.lock\" > /dev/null\nif [ $? != 0 ] ; then\n    # print error to STDERR\n    echo \"error: The sandbox is not in sync with the Podfile.lock. Run 'pod install' or update your CocoaPods installation.\" >&2\n    exit 1\nfi\n# This output is used by Xcode 'outputs' to avoid re-running this script phase.\necho \"SUCCESS\" > \"${SCRIPT_OUTPUT_FILE_0}\"\n";
			showEnvVarsInLog = 0;
		};
/* End PBXShellScriptBuildPhase section */

/* Begin PBXSourcesBuildPhase section */
		56EB25D42B87260600028D8F /* Sources */ = {
			isa = PBXSourcesBuildPhase;
			buildActionMask = 2147483647;
			files = (
				565A0FF82B87A5AE006701B3 /* LoginInteractor.swift in Sources */,
				5641A7922B8733C00075B68D /* ProfileScreenPresenter.swift in Sources */,
				565A0FB42B87487F006701B3 /* BasePresenter.swift in Sources */,
				56EB25F82B87281E00028D8F /* MainTabbarView.swift in Sources */,
				5641A7A42B8734FA0075B68D /* ChatScreenRouter.swift in Sources */,
				565A0FFA2B87A5E1006701B3 /* LoginEntity.swift in Sources */,
				5641A7962B8733CF0075B68D /* ProfileScreenEntity.swift in Sources */,
				56EB26002B87289400028D8F /* MainTabbarEntity.swift in Sources */,
				565A0FB02B874770006701B3 /* BaseViewController.swift in Sources */,
				5641A7982B8733D50075B68D /* ProfileScreenRouter.swift in Sources */,
				5641A7A22B8734F40075B68D /* ChatScreenEntity.swift in Sources */,
				565A10032B87C459006701B3 /* RegisterPresenter.swift in Sources */,
				56EB25E02B87260600028D8F /* HomeScreenView.swift in Sources */,
				565A0FB22B874878006701B3 /* BaseInteractor.swift in Sources */,
				565A0FFF2B87C440006701B3 /* RegisterView.swift in Sources */,
				5641A79A2B87349E0075B68D /* ChatScreenView.swift in Sources */,
				565A0FFC2B87A5E8006701B3 /* LoginRouter.swift in Sources */,
				565A10072B87C46D006701B3 /* RegisterEntity.swift in Sources */,
				5641A7B02B8735E80075B68D /* TicketHistoryRouter.swift in Sources */,
				56EB26022B87289C00028D8F /* MainTabbarRouter.swift in Sources */,
				5641A78E2B8733A40075B68D /* ProfileScreenView.swift in Sources */,
				565A0FF62B87A5A5006701B3 /* LoginPresenter.swift in Sources */,
				56EB25FC2B87288000028D8F /* MainTabbarPresenter.swift in Sources */,
				56EB25DC2B87260600028D8F /* AppDelegate.swift in Sources */,
				5641A7AA2B8735A40075B68D /* TicketHistoryPresenter.swift in Sources */,
				5641A7AC2B8735B30075B68D /* TicketHistoryInteractor.swift in Sources */,
				5641A7AE2B8735D70075B68D /* TicketHistoryEntity.swift in Sources */,
				56EB25DE2B87260600028D8F /* SceneDelegate.swift in Sources */,
				5641A7A02B8734D30075B68D /* ChatScreenInteractor.swift in Sources */,
				565A10092B87C476006701B3 /* RegisterRouter.swift in Sources */,
				56EB260A2B872B2E00028D8F /* HomeScreenRouter.swift in Sources */,
				5641A79E2B8734C30075B68D /* ChatScreenPresenter.swift in Sources */,
				56EB26062B872B0400028D8F /* HomeScreenInteractor.swift in Sources */,
				56EB26042B872AD700028D8F /* HomeScreenPresenter.swift in Sources */,
				565A0FB62B874887006701B3 /* BaseRouter.swift in Sources */,
				56EB26082B872B2800028D8F /* HomeScreenEntity.swift in Sources */,
				5641A7A62B8735760075B68D /* TicketHistoryView.swift in Sources */,
				5641A7942B8733C70075B68D /* ProfileScreenInteractor.swift in Sources */,
				565A10052B87C466006701B3 /* RegisterInteractor.swift in Sources */,
				565A0FF22B87A579006701B3 /* LoginView.swift in Sources */,
				56EB25FE2B87288700028D8F /* MainTabbarInteractor.swift in Sources */,
			);
			runOnlyForDeploymentPostprocessing = 0;
		};
/* End PBXSourcesBuildPhase section */

/* Begin PBXVariantGroup section */
		56EB25E12B87260600028D8F /* HomeScreenView.storyboard */ = {
			isa = PBXVariantGroup;
			children = (
				56EB25E22B87260600028D8F /* Base */,
			);
			name = HomeScreenView.storyboard;
			sourceTree = "<group>";
		};
		56EB25E62B87260800028D8F /* LaunchScreen.storyboard */ = {
			isa = PBXVariantGroup;
			children = (
				56EB25E72B87260800028D8F /* Base */,
			);
			name = LaunchScreen.storyboard;
			sourceTree = "<group>";
		};
/* End PBXVariantGroup section */

/* Begin XCBuildConfiguration section */
		56EB25EA2B87260800028D8F /* Debug */ = {
			isa = XCBuildConfiguration;
			buildSettings = {
				ALWAYS_SEARCH_USER_PATHS = NO;
				ASSETCATALOG_COMPILER_GENERATE_SWIFT_ASSET_SYMBOL_EXTENSIONS = YES;
				CLANG_ANALYZER_NONNULL = YES;
				CLANG_ANALYZER_NUMBER_OBJECT_CONVERSION = YES_AGGRESSIVE;
				CLANG_CXX_LANGUAGE_STANDARD = "gnu++20";
				CLANG_ENABLE_MODULES = YES;
				CLANG_ENABLE_OBJC_ARC = YES;
				CLANG_ENABLE_OBJC_WEAK = YES;
				CLANG_WARN_BLOCK_CAPTURE_AUTORELEASING = YES;
				CLANG_WARN_BOOL_CONVERSION = YES;
				CLANG_WARN_COMMA = YES;
				CLANG_WARN_CONSTANT_CONVERSION = YES;
				CLANG_WARN_DEPRECATED_OBJC_IMPLEMENTATIONS = YES;
				CLANG_WARN_DIRECT_OBJC_ISA_USAGE = YES_ERROR;
				CLANG_WARN_DOCUMENTATION_COMMENTS = YES;
				CLANG_WARN_EMPTY_BODY = YES;
				CLANG_WARN_ENUM_CONVERSION = YES;
				CLANG_WARN_INFINITE_RECURSION = YES;
				CLANG_WARN_INT_CONVERSION = YES;
				CLANG_WARN_NON_LITERAL_NULL_CONVERSION = YES;
				CLANG_WARN_OBJC_IMPLICIT_RETAIN_SELF = YES;
				CLANG_WARN_OBJC_LITERAL_CONVERSION = YES;
				CLANG_WARN_OBJC_ROOT_CLASS = YES_ERROR;
				CLANG_WARN_QUOTED_INCLUDE_IN_FRAMEWORK_HEADER = YES;
				CLANG_WARN_RANGE_LOOP_ANALYSIS = YES;
				CLANG_WARN_STRICT_PROTOTYPES = YES;
				CLANG_WARN_SUSPICIOUS_MOVE = YES;
				CLANG_WARN_UNGUARDED_AVAILABILITY = YES_AGGRESSIVE;
				CLANG_WARN_UNREACHABLE_CODE = YES;
				CLANG_WARN__DUPLICATE_METHOD_MATCH = YES;
				COPY_PHASE_STRIP = NO;
				DEBUG_INFORMATION_FORMAT = dwarf;
				ENABLE_STRICT_OBJC_MSGSEND = YES;
				ENABLE_TESTABILITY = YES;
				ENABLE_USER_SCRIPT_SANDBOXING = YES;
				GCC_C_LANGUAGE_STANDARD = gnu17;
				GCC_DYNAMIC_NO_PIC = NO;
				GCC_NO_COMMON_BLOCKS = YES;
				GCC_OPTIMIZATION_LEVEL = 0;
				GCC_PREPROCESSOR_DEFINITIONS = (
					"DEBUG=1",
					"$(inherited)",
				);
				GCC_WARN_64_TO_32_BIT_CONVERSION = YES;
				GCC_WARN_ABOUT_RETURN_TYPE = YES_ERROR;
				GCC_WARN_UNDECLARED_SELECTOR = YES;
				GCC_WARN_UNINITIALIZED_AUTOS = YES_AGGRESSIVE;
				GCC_WARN_UNUSED_FUNCTION = YES;
				GCC_WARN_UNUSED_VARIABLE = YES;
				IPHONEOS_DEPLOYMENT_TARGET = 17.2;
				LOCALIZATION_PREFERS_STRING_CATALOGS = YES;
				MTL_ENABLE_DEBUG_INFO = INCLUDE_SOURCE;
				MTL_FAST_MATH = YES;
				ONLY_ACTIVE_ARCH = YES;
				SDKROOT = iphoneos;
				SWIFT_ACTIVE_COMPILATION_CONDITIONS = "DEBUG $(inherited)";
				SWIFT_OPTIMIZATION_LEVEL = "-Onone";
			};
			name = Debug;
		};
		56EB25EB2B87260800028D8F /* Release */ = {
			isa = XCBuildConfiguration;
			buildSettings = {
				ALWAYS_SEARCH_USER_PATHS = NO;
				ASSETCATALOG_COMPILER_GENERATE_SWIFT_ASSET_SYMBOL_EXTENSIONS = YES;
				CLANG_ANALYZER_NONNULL = YES;
				CLANG_ANALYZER_NUMBER_OBJECT_CONVERSION = YES_AGGRESSIVE;
				CLANG_CXX_LANGUAGE_STANDARD = "gnu++20";
				CLANG_ENABLE_MODULES = YES;
				CLANG_ENABLE_OBJC_ARC = YES;
				CLANG_ENABLE_OBJC_WEAK = YES;
				CLANG_WARN_BLOCK_CAPTURE_AUTORELEASING = YES;
				CLANG_WARN_BOOL_CONVERSION = YES;
				CLANG_WARN_COMMA = YES;
				CLANG_WARN_CONSTANT_CONVERSION = YES;
				CLANG_WARN_DEPRECATED_OBJC_IMPLEMENTATIONS = YES;
				CLANG_WARN_DIRECT_OBJC_ISA_USAGE = YES_ERROR;
				CLANG_WARN_DOCUMENTATION_COMMENTS = YES;
				CLANG_WARN_EMPTY_BODY = YES;
				CLANG_WARN_ENUM_CONVERSION = YES;
				CLANG_WARN_INFINITE_RECURSION = YES;
				CLANG_WARN_INT_CONVERSION = YES;
				CLANG_WARN_NON_LITERAL_NULL_CONVERSION = YES;
				CLANG_WARN_OBJC_IMPLICIT_RETAIN_SELF = YES;
				CLANG_WARN_OBJC_LITERAL_CONVERSION = YES;
				CLANG_WARN_OBJC_ROOT_CLASS = YES_ERROR;
				CLANG_WARN_QUOTED_INCLUDE_IN_FRAMEWORK_HEADER = YES;
				CLANG_WARN_RANGE_LOOP_ANALYSIS = YES;
				CLANG_WARN_STRICT_PROTOTYPES = YES;
				CLANG_WARN_SUSPICIOUS_MOVE = YES;
				CLANG_WARN_UNGUARDED_AVAILABILITY = YES_AGGRESSIVE;
				CLANG_WARN_UNREACHABLE_CODE = YES;
				CLANG_WARN__DUPLICATE_METHOD_MATCH = YES;
				COPY_PHASE_STRIP = NO;
				DEBUG_INFORMATION_FORMAT = "dwarf-with-dsym";
				ENABLE_NS_ASSERTIONS = NO;
				ENABLE_STRICT_OBJC_MSGSEND = YES;
				ENABLE_USER_SCRIPT_SANDBOXING = YES;
				GCC_C_LANGUAGE_STANDARD = gnu17;
				GCC_NO_COMMON_BLOCKS = YES;
				GCC_WARN_64_TO_32_BIT_CONVERSION = YES;
				GCC_WARN_ABOUT_RETURN_TYPE = YES_ERROR;
				GCC_WARN_UNDECLARED_SELECTOR = YES;
				GCC_WARN_UNINITIALIZED_AUTOS = YES_AGGRESSIVE;
				GCC_WARN_UNUSED_FUNCTION = YES;
				GCC_WARN_UNUSED_VARIABLE = YES;
				IPHONEOS_DEPLOYMENT_TARGET = 17.2;
				LOCALIZATION_PREFERS_STRING_CATALOGS = YES;
				MTL_ENABLE_DEBUG_INFO = NO;
				MTL_FAST_MATH = YES;
				SDKROOT = iphoneos;
				SWIFT_COMPILATION_MODE = wholemodule;
				VALIDATE_PRODUCT = YES;
			};
			name = Release;
		};
		56EB25ED2B87260800028D8F /* Debug */ = {
			isa = XCBuildConfiguration;
			baseConfigurationReference = 46A5BB4F7CCD24E2BAF273D1 /* Pods-AndonSystem.debug.xcconfig */;
			buildSettings = {
				ASSETCATALOG_COMPILER_APPICON_NAME = AppIcon;
				ASSETCATALOG_COMPILER_GLOBAL_ACCENT_COLOR_NAME = AccentColor;
				CODE_SIGN_STYLE = Automatic;
				CURRENT_PROJECT_VERSION = 1;
				DEVELOPMENT_TEAM = KFD27J2TGQ;
				ENABLE_USER_SCRIPT_SANDBOXING = NO;
				GENERATE_INFOPLIST_FILE = YES;
				INFOPLIST_FILE = AndonSystem/Info.plist;
				INFOPLIST_KEY_CFBundleDisplayName = "Factory Andon";
				INFOPLIST_KEY_UIApplicationSupportsIndirectInputEvents = YES;
				INFOPLIST_KEY_UILaunchStoryboardName = LaunchScreen;
				INFOPLIST_KEY_UISupportedInterfaceOrientations_iPad = "UIInterfaceOrientationPortrait UIInterfaceOrientationPortraitUpsideDown UIInterfaceOrientationLandscapeLeft UIInterfaceOrientationLandscapeRight";
				INFOPLIST_KEY_UISupportedInterfaceOrientations_iPhone = "UIInterfaceOrientationPortrait UIInterfaceOrientationLandscapeLeft UIInterfaceOrientationLandscapeRight";
				LD_RUNPATH_SEARCH_PATHS = (
					"$(inherited)",
					"@executable_path/Frameworks",
				);
				MARKETING_VERSION = 1.0.0;
				PRODUCT_BUNDLE_IDENTIFIER = com.rsilitonga112.AndonSystem;
				PRODUCT_NAME = "$(TARGET_NAME)";
				SWIFT_EMIT_LOC_STRINGS = YES;
				SWIFT_VERSION = 5.0;
				TARGETED_DEVICE_FAMILY = "1,2";
			};
			name = Debug;
		};
		56EB25EE2B87260800028D8F /* Release */ = {
			isa = XCBuildConfiguration;
			baseConfigurationReference = 9EC36E14272984E0B4675380 /* Pods-AndonSystem.release.xcconfig */;
			buildSettings = {
				ASSETCATALOG_COMPILER_APPICON_NAME = AppIcon;
				ASSETCATALOG_COMPILER_GLOBAL_ACCENT_COLOR_NAME = AccentColor;
				CODE_SIGN_STYLE = Automatic;
				CURRENT_PROJECT_VERSION = 1;
				DEVELOPMENT_TEAM = KFD27J2TGQ;
				ENABLE_USER_SCRIPT_SANDBOXING = NO;
				GENERATE_INFOPLIST_FILE = YES;
				INFOPLIST_FILE = AndonSystem/Info.plist;
				INFOPLIST_KEY_CFBundleDisplayName = "Factory Andon";
				INFOPLIST_KEY_UIApplicationSupportsIndirectInputEvents = YES;
				INFOPLIST_KEY_UILaunchStoryboardName = LaunchScreen;
				INFOPLIST_KEY_UISupportedInterfaceOrientations_iPad = "UIInterfaceOrientationPortrait UIInterfaceOrientationPortraitUpsideDown UIInterfaceOrientationLandscapeLeft UIInterfaceOrientationLandscapeRight";
				INFOPLIST_KEY_UISupportedInterfaceOrientations_iPhone = "UIInterfaceOrientationPortrait UIInterfaceOrientationLandscapeLeft UIInterfaceOrientationLandscapeRight";
				LD_RUNPATH_SEARCH_PATHS = (
					"$(inherited)",
					"@executable_path/Frameworks",
				);
				MARKETING_VERSION = 1.0.0;
				PRODUCT_BUNDLE_IDENTIFIER = com.rsilitonga112.AndonSystem;
				PRODUCT_NAME = "$(TARGET_NAME)";
				SWIFT_EMIT_LOC_STRINGS = YES;
				SWIFT_VERSION = 5.0;
				TARGETED_DEVICE_FAMILY = "1,2";
			};
			name = Release;
		};
/* End XCBuildConfiguration section */

/* Begin XCConfigurationList section */
		56EB25D32B87260600028D8F /* Build configuration list for PBXProject "AndonSystem" */ = {
			isa = XCConfigurationList;
			buildConfigurations = (
				56EB25EA2B87260800028D8F /* Debug */,
				56EB25EB2B87260800028D8F /* Release */,
			);
			defaultConfigurationIsVisible = 0;
			defaultConfigurationName = Release;
		};
		56EB25EC2B87260800028D8F /* Build configuration list for PBXNativeTarget "AndonSystem" */ = {
			isa = XCConfigurationList;
			buildConfigurations = (
				56EB25ED2B87260800028D8F /* Debug */,
				56EB25EE2B87260800028D8F /* Release */,
			);
			defaultConfigurationIsVisible = 0;
			defaultConfigurationName = Release;
		};
/* End XCConfigurationList section */
	};
	rootObject = 56EB25D02B87260600028D8F /* Project object */;
}
